
Microsoft Visual Studio Solution File, Format Version 12.00
# Visual Studio 15
VisualStudioVersion = 15.0.28307.779
MinimumVisualStudioVersion = 10.0.40219.1
Project("{FAE04EC0-301F-11D3-BF4B-00C04F79EFBC}") = "GeoLocUtil", "GeoLocUtil\GeoLocUtil.csproj", "{0C05A443-F15F-4DB2-B91F-50DFC709695D}"
EndProject
Global
	GlobalSection(SolutionConfigurationPlatforms) = preSolution
		Debug|Any CPU = Debug|Any CPU
		Release|Any CPU = Release|Any CPU
	EndGlobalSection
	GlobalSection(ProjectConfigurationPlatforms) = postSolution
		{0C05A443-F15F-4DB2-B91F-50DFC709695D}.Debug|Any CPU.ActiveCfg = Debug|Any CPU
		{0C05A443-F15F-4DB2-B91F-50DFC709695D}.Debug|Any CPU.Build.0 = Debug|Any CPU
		{0C05A443-F15F-4DB2-B91F-50DFC709695D}.Release|Any CPU.ActiveCfg = Release|Any CPU
		{0C05A443-F15F-4DB2-B91F-50DFC709695D}.Release|Any CPU.Build.0 = Release|Any CPU
	EndGlobalSection
	GlobalSection(SolutionProperties) = preSolution
		HideSolutionNode = FALSE
	EndGlobalSection
	GlobalSection(ExtensibilityGlobals) = postSolution
		SolutionGuid = {6251C323-CA94-4879-AC8D-C7EC3DD0EFE4}
	EndGlobalSection
EndGlobal
